// !$*UTF8*$!
{
	archiveVersion = 1;
	classes = {
	};
	objectVersion = 50;
	objects = {

/* Begin PBXBuildFile section */
		4C2FDF2823842511004B82B6 /* AppDelegate.swift in Sources */ = {isa = PBXBuildFile; fileRef = 4C2FDF2723842511004B82B6 /* AppDelegate.swift */; };
		4C2FDF2A23842511004B82B6 /* ViewController.swift in Sources */ = {isa = PBXBuildFile; fileRef = 4C2FDF2923842511004B82B6 /* ViewController.swift */; };
		4C2FDF2D23842511004B82B6 /* Main.storyboard in Resources */ = {isa = PBXBuildFile; fileRef = 4C2FDF2B23842511004B82B6 /* Main.storyboard */; };
		4C2FDF2F23842514004B82B6 /* Assets.xcassets in Resources */ = {isa = PBXBuildFile; fileRef = 4C2FDF2E23842514004B82B6 /* Assets.xcassets */; };
		4C2FDF3223842514004B82B6 /* LaunchScreen.storyboard in Resources */ = {isa = PBXBuildFile; fileRef = 4C2FDF3023842514004B82B6 /* LaunchScreen.storyboard */; };
		4C2FDF3D23842514004B82B6 /* NibmArticleTests.swift in Sources */ = {isa = PBXBuildFile; fileRef = 4C2FDF3C23842514004B82B6 /* NibmArticleTests.swift */; };
		4C2FDF4823842514004B82B6 /* NibmArticleUITests.swift in Sources */ = {isa = PBXBuildFile; fileRef = 4C2FDF4723842514004B82B6 /* NibmArticleUITests.swift */; };
/* End PBXBuildFile section */

/* Begin PBXContainerItemProxy section */
		4C2FDF3923842514004B82B6 /* PBXContainerItemProxy */ = {
			isa = PBXContainerItemProxy;
			containerPortal = 4C2FDF1C23842511004B82B6 /* Project object */;
			proxyType = 1;
			remoteGlobalIDString = 4C2FDF2323842511004B82B6;
			remoteInfo = NibmArticle;
		};
		4C2FDF4423842514004B82B6 /* PBXContainerItemProxy */ = {
			isa = PBXContainerItemProxy;
			containerPortal = 4C2FDF1C23842511004B82B6 /* Project object */;
			proxyType = 1;
			remoteGlobalIDString = 4C2FDF2323842511004B82B6;
			remoteInfo = NibmArticle;
		};
/* End PBXContainerItemProxy section */

/* Begin PBXFileReference section */
		4C2FDF2423842511004B82B6 /* NibmArticle.app */ = {isa = PBXFileReference; explicitFileType = wrapper.application; includeInIndex = 0; path = NibmArticle.app; sourceTree = BUILT_PRODUCTS_DIR; };
		4C2FDF2723842511004B82B6 /* AppDelegate.swift */ = {isa = PBXFileReference; lastKnownFileType = sourcecode.swift; path = AppDelegate.swift; sourceTree = "<group>"; };
		4C2FDF2923842511004B82B6 /* ViewController.swift */ = {isa = PBXFileReference; lastKnownFileType = sourcecode.swift; path = ViewController.swift; sourceTree = "<group>"; };
		4C2FDF2C23842511004B82B6 /* Base */ = {isa = PBXFileReference; lastKnownFileType = file.storyboard; name = Base; path = Base.lproj/Main.storyboard; sourceTree = "<group>"; };
		4C2FDF2E23842514004B82B6 /* Assets.xcassets */ = {isa = PBXFileReference; lastKnownFileType = folder.assetcatalog; path = Assets.xcassets; sourceTree = "<group>"; };
		4C2FDF3123842514004B82B6 /* Base */ = {isa = PBXFileReference; lastKnownFileType = file.storyboard; name = Base; path = Base.lproj/LaunchScreen.storyboard; sourceTree = "<group>"; };
		4C2FDF3323842514004B82B6 /* Info.plist */ = {isa = PBXFileReference; lastKnownFileType = text.plist.xml; path = Info.plist; sourceTree = "<group>"; };
		4C2FDF3823842514004B82B6 /* NibmArticleTests.xctest */ = {isa = PBXFileReference; explicitFileType = wrapper.cfbundle; includeInIndex = 0; path = NibmArticleTests.xctest; sourceTree = BUILT_PRODUCTS_DIR; };
		4C2FDF3C23842514004B82B6 /* NibmArticleTests.swift */ = {isa = PBXFileReference; lastKnownFileType = sourcecode.swift; path = NibmArticleTests.swift; sourceTree = "<group>"; };
		4C2FDF3E23842514004B82B6 /* Info.plist */ = {isa = PBXFileReference; lastKnownFileType = text.plist.xml; path = Info.plist; sourceTree = "<group>"; };
		4C2FDF4323842514004B82B6 /* NibmArticleUITests.xctest */ = {isa = PBXFileReference; explicitFileType = wrapper.cfbundle; includeInIndex = 0; path = NibmArticleUITests.xctest; sourceTree = BUILT_PRODUCTS_DIR; };
		4C2FDF4723842514004B82B6 /* NibmArticleUITests.swift */ = {isa = PBXFileReference; lastKnownFileType = sourcecode.swift; path = NibmArticleUITests.swift; sourceTree = "<group>"; };
		4C2FDF4923842514004B82B6 /* Info.plist */ = {isa = PBXFileReference; lastKnownFileType = text.plist.xml; path = Info.plist; sourceTree = "<group>"; };
/* End PBXFileReference section */

/* Begin PBXFrameworksBuildPhase section */
		4C2FDF2123842511004B82B6 /* Frameworks */ = {
			isa = PBXFrameworksBuildPhase;
			buildActionMask = 2147483647;
			files = (
			);
			runOnlyForDeploymentPostprocessing = 0;
		};
		4C2FDF3523842514004B82B6 /* Frameworks */ = {
			isa = PBXFrameworksBuildPhase;
			buildActionMask = 2147483647;
			files = (
			);
			runOnlyForDeploymentPostprocessing = 0;
		};
		4C2FDF4023842514004B82B6 /* Frameworks */ = {
			isa = PBXFrameworksBuildPhase;
			buildActionMask = 2147483647;
			files = (
			);
			runOnlyForDeploymentPostprocessing = 0;
		};
/* End PBXFrameworksBuildPhase section */

/* Begin PBXGroup section */
		4C2FDF1B23842511004B82B6 = {
			isa = PBXGroup;
			children = (
				4C2FDF2623842511004B82B6 /* NibmArticle */,
				4C2FDF3B23842514004B82B6 /* NibmArticleTests */,
				4C2FDF4623842514004B82B6 /* NibmArticleUITests */,
				4C2FDF2523842511004B82B6 /* Products */,
			);
			sourceTree = "<group>";
		};
		4C2FDF2523842511004B82B6 /* Products */ = {
			isa = PBXGroup;
			children = (
				4C2FDF2423842511004B82B6 /* NibmArticle.app */,
				4C2FDF3823842514004B82B6 /* NibmArticleTests.xctest */,
				4C2FDF4323842514004B82B6 /* NibmArticleUITests.xctest */,
			);
			name = Products;
			sourceTree = "<group>";
		};
		4C2FDF2623842511004B82B6 /* NibmArticle */ = {
			isa = PBXGroup;
			children = (
				4C2FDF2723842511004B82B6 /* AppDelegate.swift */,
				4C2FDF2923842511004B82B6 /* ViewController.swift */,
				4C2FDF2B23842511004B82B6 /* Main.storyboard */,
				4C2FDF2E23842514004B82B6 /* Assets.xcassets */,
				4C2FDF3023842514004B82B6 /* LaunchScreen.storyboard */,
				4C2FDF3323842514004B82B6 /* Info.plist */,
			);
			path = NibmArticle;
			sourceTree = "<group>";
		};
		4C2FDF3B23842514004B82B6 /* NibmArticleTests */ = {
			isa = PBXGroup;
			children = (
				4C2FDF3C23842514004B82B6 /* NibmArticleTests.swift */,
				4C2FDF3E23842514004B82B6 /* Info.plist */,
			);
			path = NibmArticleTests;
			sourceTree = "<group>";
		};
		4C2FDF4623842514004B82B6 /* NibmArticleUITests */ = {
			isa = PBXGroup;
			children = (
				4C2FDF4723842514004B82B6 /* NibmArticleUITests.swift */,
				4C2FDF4923842514004B82B6 /* Info.plist */,
			);
			path = NibmArticleUITests;
			sourceTree = "<group>";
		};
/* End PBXGroup section */

/* Begin PBXNativeTarget section */
		4C2FDF2323842511004B82B6 /* NibmArticle */ = {
			isa = PBXNativeTarget;
			buildConfigurationList = 4C2FDF4C23842514004B82B6 /* Build configuration list for PBXNativeTarget "NibmArticle" */;
			buildPhases = (
				4C2FDF2023842511004B82B6 /* Sources */,
				4C2FDF2123842511004B82B6 /* Frameworks */,
				4C2FDF2223842511004B82B6 /* Resources */,
			);
			buildRules = (
			);
			dependencies = (
			);
			name = NibmArticle;
			productName = NibmArticle;
			productReference = 4C2FDF2423842511004B82B6 /* NibmArticle.app */;
			productType = "com.apple.product-type.application";
		};
		4C2FDF3723842514004B82B6 /* NibmArticleTests */ = {
			isa = PBXNativeTarget;
			buildConfigurationList = 4C2FDF4F23842514004B82B6 /* Build configuration list for PBXNativeTarget "NibmArticleTests" */;
			buildPhases = (
				4C2FDF3423842514004B82B6 /* Sources */,
				4C2FDF3523842514004B82B6 /* Frameworks */,
				4C2FDF3623842514004B82B6 /* Resources */,
			);
			buildRules = (
			);
			dependencies = (
				4C2FDF3A23842514004B82B6 /* PBXTargetDependency */,
			);
			name = NibmArticleTests;
			productName = NibmArticleTests;
			productReference = 4C2FDF3823842514004B82B6 /* NibmArticleTests.xctest */;
			productType = "com.apple.product-type.bundle.unit-test";
		};
		4C2FDF4223842514004B82B6 /* NibmArticleUITests */ = {
			isa = PBXNativeTarget;
			buildConfigurationList = 4C2FDF5223842514004B82B6 /* Build configuration list for PBXNativeTarget "NibmArticleUITests" */;
			buildPhases = (
				4C2FDF3F23842514004B82B6 /* Sources */,
				4C2FDF4023842514004B82B6 /* Frameworks */,
				4C2FDF4123842514004B82B6 /* Resources */,
			);
			buildRules = (
			);
			dependencies = (
				4C2FDF4523842514004B82B6 /* PBXTargetDependency */,
			);
			name = NibmArticleUITests;
			productName = NibmArticleUITests;
			productReference = 4C2FDF4323842514004B82B6 /* NibmArticleUITests.xctest */;
			productType = "com.apple.product-type.bundle.ui-testing";
		};
/* End PBXNativeTarget section */

/* Begin PBXProject section */
		4C2FDF1C23842511004B82B6 /* Project object */ = {
			isa = PBXProject;
			attributes = {
				LastSwiftUpdateCheck = 1010;
				LastUpgradeCheck = 1010;
				ORGANIZATIONNAME = "Digital-05";
				TargetAttributes = {
					4C2FDF2323842511004B82B6 = {
						CreatedOnToolsVersion = 10.1;
					};
					4C2FDF3723842514004B82B6 = {
						CreatedOnToolsVersion = 10.1;
						TestTargetID = 4C2FDF2323842511004B82B6;
					};
					4C2FDF4223842514004B82B6 = {
						CreatedOnToolsVersion = 10.1;
						TestTargetID = 4C2FDF2323842511004B82B6;
					};
				};
			};
			buildConfigurationList = 4C2FDF1F23842511004B82B6 /* Build configuration list for PBXProject "NibmArticle" */;
			compatibilityVersion = "Xcode 9.3";
			developmentRegion = en;
			hasScannedForEncodings = 0;
			knownRegions = (
				en,
				Base,
			);
			mainGroup = 4C2FDF1B23842511004B82B6;
			productRefGroup = 4C2FDF2523842511004B82B6 /* Products */;
			projectDirPath = "";
			projectRoot = "";
			targets = (
				4C2FDF2323842511004B82B6 /* NibmArticle */,
				4C2FDF3723842514004B82B6 /* NibmArticleTests */,
				4C2FDF4223842514004B82B6 /* NibmArticleUITests */,
			);
		};
/* End PBXProject section */

/* Begin PBXResourcesBuildPhase section */
		4C2FDF2223842511004B82B6 /* Resources */ = {
			isa = PBXResourcesBuildPhase;
			buildActionMask = 2147483647;
			files = (
				4C2FDF3223842514004B82B6 /* LaunchScreen.storyboard in Resources */,
				4C2FDF2F23842514004B82B6 /* Assets.xcassets in Resources */,
				4C2FDF2D23842511004B82B6 /* Main.storyboard in Resources */,
			);
			runOnlyForDeploymentPostprocessing = 0;
		};
		4C2FDF3623842514004B82B6 /* Resources */ = {
			isa = PBXResourcesBuildPhase;
			buildActionMask = 2147483647;
			files = (
			);
			runOnlyForDeploymentPostprocessing = 0;
		};
		4C2FDF4123842514004B82B6 /* Resources */ = {
			isa = PBXResourcesBuildPhase;
			buildActionMask = 2147483647;
			files = (
			);
			runOnlyForDeploymentPostprocessing = 0;
		};
/* End PBXResourcesBuildPhase section */

/* Begin PBXSourcesBuildPhase section */
		4C2FDF2023842511004B82B6 /* Sources */ = {
			isa = PBXSourcesBuildPhase;
			buildActionMask = 2147483647;
			files = (
				4C2FDF2A23842511004B82B6 /* ViewController.swift in Sources */,
				4C2FDF2823842511004B82B6 /* AppDelegate.swift in Sources */,
			);
			runOnlyForDeploymentPostprocessing = 0;
		};
		4C2FDF3423842514004B82B6 /* Sources */ = {
			isa = PBXSourcesBuildPhase;
			buildActionMask = 2147483647;
			files = (
				4C2FDF3D23842514004B82B6 /* NibmArticleTests.swift in Sources */,
			);
			runOnlyForDeploymentPostprocessing = 0;
		};
		4C2FDF3F23842514004B82B6 /* Sources */ = {
			isa = PBXSourcesBuildPhase;
			buildActionMask = 2147483647;
			files = (
				4C2FDF4823842514004B82B6 /* NibmArticleUITests.swift in Sources */,
			);
			runOnlyForDeploymentPostprocessing = 0;
		};
/* End PBXSourcesBuildPhase section */

/* Begin PBXTargetDependency section */
		4C2FDF3A23842514004B82B6 /* PBXTargetDependency */ = {
			isa = PBXTargetDependency;
			target = 4C2FDF2323842511004B82B6 /* NibmArticle */;
			targetProxy = 4C2FDF3923842514004B82B6 /* PBXContainerItemProxy */;
		};
		4C2FDF4523842514004B82B6 /* PBXTargetDependency */ = {
			isa = PBXTargetDependency;
			target = 4C2FDF2323842511004B82B6 /* NibmArticle */;
			targetProxy = 4C2FDF4423842514004B82B6 /* PBXContainerItemProxy */;
		};
/* End PBXTargetDependency section */

/* Begin PBXVariantGroup section */
		4C2FDF2B23842511004B82B6 /* Main.storyboard */ = {
			isa = PBXVariantGroup;
			children = (
				4C2FDF2C23842511004B82B6 /* Base */,
			);
			name = Main.storyboard;
			sourceTree = "<group>";
		};
		4C2FDF3023842514004B82B6 /* LaunchScreen.storyboard */ = {
			isa = PBXVariantGroup;
			children = (
				4C2FDF3123842514004B82B6 /* Base */,
			);
			name = LaunchScreen.storyboard;
			sourceTree = "<group>";
		};
/* End PBXVariantGroup section */

/* Begin XCBuildConfiguration section */
		4C2FDF4A23842514004B82B6 /* Debug */ = {
			isa = XCBuildConfiguration;
			buildSettings = {
				ALWAYS_SEARCH_USER_PATHS = NO;
				CLANG_ANALYZER_NONNULL = YES;
				CLANG_ANALYZER_NUMBER_OBJECT_CONVERSION = YES_AGGRESSIVE;
				CLANG_CXX_LANGUAGE_STANDARD = "gnu++14";
				CLANG_CXX_LIBRARY = "libc++";
				CLANG_ENABLE_MODULES = YES;
				CLANG_ENABLE_OBJC_ARC = YES;
				CLANG_ENABLE_OBJC_WEAK = YES;
				CLANG_WARN_BLOCK_CAPTURE_AUTORELEASING = YES;
				CLANG_WARN_BOOL_CONVERSION = YES;
				CLANG_WARN_COMMA = YES;
				CLANG_WARN_CONSTANT_CONVERSION = YES;
				CLANG_WARN_DEPRECATED_OBJC_IMPLEMENTATIONS = YES;
				CLANG_WARN_DIRECT_OBJC_ISA_USAGE = YES_ERROR;
				CLANG_WARN_DOCUMENTATION_COMMENTS = YES;
				CLANG_WARN_EMPTY_BODY = YES;
				CLANG_WARN_ENUM_CONVERSION = YES;
				CLANG_WARN_INFINITE_RECURSION = YES;
				CLANG_WARN_INT_CONVERSION = YES;
				CLANG_WARN_NON_LITERAL_NULL_CONVERSION = YES;
				CLANG_WARN_OBJC_IMPLICIT_RETAIN_SELF = YES;
				CLANG_WARN_OBJC_LITERAL_CONVERSION = YES;
				CLANG_WARN_OBJC_ROOT_CLASS = YES_ERROR;
				CLANG_WARN_RANGE_LOOP_ANALYSIS = YES;
				CLANG_WARN_STRICT_PROTOTYPES = YES;
				CLANG_WARN_SUSPICIOUS_MOVE = YES;
				CLANG_WARN_UNGUARDED_AVAILABILITY = YES_AGGRESSIVE;
				CLANG_WARN_UNREACHABLE_CODE = YES;
				CLANG_WARN__DUPLICATE_METHOD_MATCH = YES;
				CODE_SIGN_IDENTITY = "iPhone Developer";
				COPY_PHASE_STRIP = NO;
				DEBUG_INFORMATION_FORMAT = dwarf;
				ENABLE_STRICT_OBJC_MSGSEND = YES;
				ENABLE_TESTABILITY = YES;
				GCC_C_LANGUAGE_STANDARD = gnu11;
				GCC_DYNAMIC_NO_PIC = NO;
				GCC_NO_COMMON_BLOCKS = YES;
				GCC_OPTIMIZATION_LEVEL = 0;
				GCC_PREPROCESSOR_DEFINITIONS = (
					"DEBUG=1",
					"$(inherited)",
				);
				GCC_WARN_64_TO_32_BIT_CONVERSION = YES;
				GCC_WARN_ABOUT_RETURN_TYPE = YES_ERROR;
				GCC_WARN_UNDECLARED_SELECTOR = YES;
				GCC_WARN_UNINITIALIZED_AUTOS = YES_AGGRESSIVE;
				GCC_WARN_UNUSED_FUNCTION = YES;
				GCC_WARN_UNUSED_VARIABLE = YES;
				IPHONEOS_DEPLOYMENT_TARGET = 12.1;
				MTL_ENABLE_DEBUG_INFO = INCLUDE_SOURCE;
				MTL_FAST_MATH = YES;
				ONLY_ACTIVE_ARCH = YES;
				SDKROOT = iphoneos;
				SWIFT_ACTIVE_COMPILATION_CONDITIONS = DEBUG;
				SWIFT_OPTIMIZATION_LEVEL = "-Onone";
			};
			name = Debug;
		};
		4C2FDF4B23842514004B82B6 /* Release */ = {
			isa = XCBuildConfiguration;
			buildSettings = {
				ALWAYS_SEARCH_USER_PATHS = NO;
				CLANG_ANALYZER_NONNULL = YES;
				CLANG_ANALYZER_NUMBER_OBJECT_CONVERSION = YES_AGGRESSIVE;
				CLANG_CXX_LANGUAGE_STANDARD = "gnu++14";
				CLANG_CXX_LIBRARY = "libc++";
				CLANG_ENABLE_MODULES = YES;
				CLANG_ENABLE_OBJC_ARC = YES;
				CLANG_ENABLE_OBJC_WEAK = YES;
				CLANG_WARN_BLOCK_CAPTURE_AUTORELEASING = YES;
				CLANG_WARN_BOOL_CONVERSION = YES;
				CLANG_WARN_COMMA = YES;
				CLANG_WARN_CONSTANT_CONVERSION = YES;
				CLANG_WARN_DEPRECATED_OBJC_IMPLEMENTATIONS = YES;
				CLANG_WARN_DIRECT_OBJC_ISA_USAGE = YES_ERROR;
				CLANG_WARN_DOCUMENTATION_COMMENTS = YES;
				CLANG_WARN_EMPTY_BODY = YES;
				CLANG_WARN_ENUM_CONVERSION = YES;
				CLANG_WARN_INFINITE_RECURSION = YES;
				CLANG_WARN_INT_CONVERSION = YES;
				CLANG_WARN_NON_LITERAL_NULL_CONVERSION = YES;
				CLANG_WARN_OBJC_IMPLICIT_RETAIN_SELF = YES;
				CLANG_WARN_OBJC_LITERAL_CONVERSION = YES;
				CLANG_WARN_OBJC_ROOT_CLASS = YES_ERROR;
				CLANG_WARN_RANGE_LOOP_ANALYSIS = YES;
				CLANG_WARN_STRICT_PROTOTYPES = YES;
				CLANG_WARN_SUSPICIOUS_MOVE = YES;
				CLANG_WARN_UNGUARDED_AVAILABILITY = YES_AGGRESSIVE;
				CLANG_WARN_UNREACHABLE_CODE = YES;
				CLANG_WARN__DUPLICATE_METHOD_MATCH = YES;
				CODE_SIGN_IDENTITY = "iPhone Developer";
				COPY_PHASE_STRIP = NO;
				DEBUG_INFORMATION_FORMAT = "dwarf-with-dsym";
				ENABLE_NS_ASSERTIONS = NO;
				ENABLE_STRICT_OBJC_MSGSEND = YES;
				GCC_C_LANGUAGE_STANDARD = gnu11;
				GCC_NO_COMMON_BLOCKS = YES;
				GCC_WARN_64_TO_32_BIT_CONVERSION = YES;
				GCC_WARN_ABOUT_RETURN_TYPE = YES_ERROR;
				GCC_WARN_UNDECLARED_SELECTOR = YES;
				GCC_WARN_UNINITIALIZED_AUTOS = YES_AGGRESSIVE;
				GCC_WARN_UNUSED_FUNCTION = YES;
				GCC_WARN_UNUSED_VARIABLE = YES;
				IPHONEOS_DEPLOYMENT_TARGET = 12.1;
				MTL_ENABLE_DEBUG_INFO = NO;
				MTL_FAST_MATH = YES;
				SDKROOT = iphoneos;
				SWIFT_COMPILATION_MODE = wholemodule;
				SWIFT_OPTIMIZATION_LEVEL = "-O";
				VALIDATE_PRODUCT = YES;
			};
			name = Release;
		};
		4C2FDF4D23842514004B82B6 /* Debug */ = {
			isa = XCBuildConfiguration;
			buildSettings = {
				ASSETCATALOG_COMPILER_APPICON_NAME = AppIcon;
				CODE_SIGN_STYLE = Automatic;
				INFOPLIST_FILE = NibmArticle/Info.plist;
				LD_RUNPATH_SEARCH_PATHS = (
					"$(inherited)",
					"@executable_path/Frameworks",
				);
				PRODUCT_BUNDLE_IDENTIFIER = nibm.NibmArticle;
				PRODUCT_NAME = "$(TARGET_NAME)";
				SWIFT_VERSION = 4.2;
				TARGETED_DEVICE_FAMILY = "1,2";
			};
			name = Debug;
		};
		4C2FDF4E23842514004B82B6 /* Release */ = {
			isa = XCBuildConfiguration;
			buildSettings = {
				ASSETCATALOG_COMPILER_APPICON_NAME = AppIcon;
				CODE_SIGN_STYLE = Automatic;
				INFOPLIST_FILE = NibmArticle/Info.plist;
				LD_RUNPATH_SEARCH_PATHS = (
					"$(inherited)",
					"@executable_path/Frameworks",
				);
				PRODUCT_BUNDLE_IDENTIFIER = nibm.NibmArticle;
				PRODUCT_NAME = "$(TARGET_NAME)";
				SWIFT_VERSION = 4.2;
				TARGETED_DEVICE_FAMILY = "1,2";
			};
			name = Release;
		};
		4C2FDF5023842514004B82B6 /* Debug */ = {
			isa = XCBuildConfiguration;
			buildSettings = {
				ALWAYS_EMBED_SWIFT_STANDARD_LIBRARIES = YES;
				BUNDLE_LOADER = "$(TEST_HOST)";
				CODE_SIGN_STYLE = Automatic;
				INFOPLIST_FILE = NibmArticleTests/Info.plist;
				LD_RUNPATH_SEARCH_PATHS = (
					"$(inherited)",
					"@executable_path/Frameworks",
					"@loader_path/Frameworks",
				);
				PRODUCT_BUNDLE_IDENTIFIER = nibm.NibmArticleTests;
				PRODUCT_NAME = "$(TARGET_NAME)";
				SWIFT_VERSION = 4.2;
				TARGETED_DEVICE_FAMILY = "1,2";
				TEST_HOST = "$(BUILT_PRODUCTS_DIR)/NibmArticle.app/NibmArticle";
			};
			name = Debug;
		};
		4C2FDF5123842514004B82B6 /* Release */ = {
			isa = XCBuildConfiguration;
			buildSettings = {
				ALWAYS_EMBED_SWIFT_STANDARD_LIBRARIES = YES;
				BUNDLE_LOADER = "$(TEST_HOST)";
				CODE_SIGN_STYLE = Automatic;
				INFOPLIST_FILE = NibmArticleTests/Info.plist;
				LD_RUNPATH_SEARCH_PATHS = (
					"$(inherited)",
					"@executable_path/Frameworks",
					"@loader_path/Frameworks",
				);
				PRODUCT_BUNDLE_IDENTIFIER = nibm.NibmArticleTests;
				PRODUCT_NAME = "$(TARGET_NAME)";
				SWIFT_VERSION = 4.2;
				TARGETED_DEVICE_FAMILY = "1,2";
				TEST_HOST = "$(BUILT_PRODUCTS_DIR)/NibmArticle.app/NibmArticle";
			};
			name = Release;
		};
		4C2FDF5323842514004B82B6 /* Debug */ = {
			isa = XCBuildConfiguration;
			buildSettings = {
				ALWAYS_EMBED_SWIFT_STANDARD_LIBRARIES = YES;
				CODE_SIGN_STYLE = Automatic;
				INFOPLIST_FILE = NibmArticleUITests/Info.plist;
				LD_RUNPATH_SEARCH_PATHS = (
					"$(inherited)",
					"@executable_path/Frameworks",
					"@loader_path/Frameworks",
				);
				PRODUCT_BUNDLE_IDENTIFIER = nibm.NibmArticleUITests;
				PRODUCT_NAME = "$(TARGET_NAME)";
				SWIFT_VERSION = 4.2;
				TARGETED_DEVICE_FAMILY = "1,2";
				TEST_TARGET_NAME = NibmArticle;
			};
			name = Debug;
		};
		4C2FDF5423842514004B82B6 /* Release */ = {
			isa = XCBuildConfiguration;
			buildSettings = {
				ALWAYS_EMBED_SWIFT_STANDARD_LIBRARIES = YES;
				CODE_SIGN_STYLE = Automatic;
				INFOPLIST_FILE = NibmArticleUITests/Info.plist;
				LD_RUNPATH_SEARCH_PATHS = (
					"$(inherited)",
					"@executable_path/Frameworks",
					"@loader_path/Frameworks",
				);
				PRODUCT_BUNDLE_IDENTIFIER = nibm.NibmArticleUITests;
				PRODUCT_NAME = "$(TARGET_NAME)";
				SWIFT_VERSION = 4.2;
				TARGETED_DEVICE_FAMILY = "1,2";
				TEST_TARGET_NAME = NibmArticle;
			};
			name = Release;
		};
/* End XCBuildConfiguration section */

/* Begin XCConfigurationList section */
		4C2FDF1F23842511004B82B6 /* Build configuration list for PBXProject "NibmArticle" */ = {
			isa = XCConfigurationList;
			buildConfigurations = (
				4C2FDF4A23842514004B82B6 /* Debug */,
				4C2FDF4B23842514004B82B6 /* Release */,
			);
			defaultConfigurationIsVisible = 0;
			defaultConfigurationName = Release;
		};
		4C2FDF4C23842514004B82B6 /* Build configuration list for PBXNativeTarget "NibmArticle" */ = {
			isa = XCConfigurationList;
			buildConfigurations = (
				4C2FDF4D23842514004B82B6 /* Debug */,
				4C2FDF4E23842514004B82B6 /* Release */,
			);
			defaultConfigurationIsVisible = 0;
			defaultConfigurationName = Release;
		};
		4C2FDF4F23842514004B82B6 /* Build configuration list for PBXNativeTarget "NibmArticleTests" */ = {
			isa = XCConfigurationList;
			buildConfigurations = (
				4C2FDF5023842514004B82B6 /* Debug */,
				4C2FDF5123842514004B82B6 /* Release */,
			);
			defaultConfigurationIsVisible = 0;
			defaultConfigurationName = Release;
		};
		4C2FDF5223842514004B82B6 /* Build configuration list for PBXNativeTarget "NibmArticleUITests" */ = {
			isa = XCConfigurationList;
			buildConfigurations = (
				4C2FDF5323842514004B82B6 /* Debug */,
				4C2FDF5423842514004B82B6 /* Release */,
			);
			defaultConfigurationIsVisible = 0;
			defaultConfigurationName = Release;
		};
/* End XCConfigurationList section */
	};
	rootObject = 4C2FDF1C23842511004B82B6 /* Project object */;
}
